// !$*UTF8*$!
{
	archiveVersion = 1;
	classes = {
	};
	objectVersion = 46;
	objects = {

/* Begin PBXBuildFile section */
		AD9726E81C38B492009C5AA3 /* AppDelegate.swift in Sources */ = {isa = PBXBuildFile; fileRef = AD9726E71C38B492009C5AA3 /* AppDelegate.swift */; };
		AD9726EA1C38B492009C5AA3 /* ViewController.swift in Sources */ = {isa = PBXBuildFile; fileRef = AD9726E91C38B492009C5AA3 /* ViewController.swift */; };
		AD9726ED1C38B492009C5AA3 /* Main.storyboard in Resources */ = {isa = PBXBuildFile; fileRef = AD9726EB1C38B492009C5AA3 /* Main.storyboard */; };
		AD9726EF1C38B492009C5AA3 /* Assets.xcassets in Resources */ = {isa = PBXBuildFile; fileRef = AD9726EE1C38B492009C5AA3 /* Assets.xcassets */; };
		AD9726F21C38B492009C5AA3 /* LaunchScreen.storyboard in Resources */ = {isa = PBXBuildFile; fileRef = AD9726F01C38B492009C5AA3 /* LaunchScreen.storyboard */; };
		AD9726FA1C38D93A009C5AA3 /* AnmolUni.ttf in Resources */ = {isa = PBXBuildFile; fileRef = AD9726F91C38D93A009C5AA3 /* AnmolUni.ttf */; };
		AD9726FC1C38E32C009C5AA3 /* AnmolUniHeavy.ttf in Resources */ = {isa = PBXBuildFile; fileRef = AD9726FB1C38E32C009C5AA3 /* AnmolUniHeavy.ttf */; };
/* End PBXBuildFile section */

/* Begin PBXFileReference section */
		AD9726E41C38B492009C5AA3 /* Hello World.app */ = {isa = PBXFileReference; explicitFileType = wrapper.application; includeInIndex = 0; path = "Hello World.app"; sourceTree = BUILT_PRODUCTS_DIR; };
		AD9726E71C38B492009C5AA3 /* AppDelegate.swift */ = {isa = PBXFileReference; lastKnownFileType = sourcecode.swift; path = AppDelegate.swift; sourceTree = "<group>"; };
		AD9726E91C38B492009C5AA3 /* ViewController.swift */ = {isa = PBXFileReference; lastKnownFileType = sourcecode.swift; path = ViewController.swift; sourceTree = "<group>"; };
		AD9726EC1C38B492009C5AA3 /* Base */ = {isa = PBXFileReference; lastKnownFileType = file.storyboard; name = Base; path = Base.lproj/Main.storyboard; sourceTree = "<group>"; };
		AD9726EE1C38B492009C5AA3 /* Assets.xcassets */ = {isa = PBXFileReference; lastKnownFileType = folder.assetcatalog; path = Assets.xcassets; sourceTree = "<group>"; };
		AD9726F11C38B492009C5AA3 /* Base */ = {isa = PBXFileReference; lastKnownFileType = file.storyboard; name = Base; path = Base.lproj/LaunchScreen.storyboard; sourceTree = "<group>"; };
		AD9726F31C38B492009C5AA3 /* Info.plist */ = {isa = PBXFileReference; lastKnownFileType = text.plist.xml; path = Info.plist; sourceTree = "<group>"; };
		AD9726F91C38D93A009C5AA3 /* AnmolUni.ttf */ = {isa = PBXFileReference; lastKnownFileType = file; path = AnmolUni.ttf; sourceTree = "<group>"; };
		AD9726FB1C38E32C009C5AA3 /* AnmolUniHeavy.ttf */ = {isa = PBXFileReference; lastKnownFileType = file; name = AnmolUniHeavy.ttf; path = "../../../Downloads/All updated Unicode fonts/AnmolUniHeavy.ttf"; sourceTree = "<group>"; };
/* End PBXFileReference section */

/* Begin PBXFrameworksBuildPhase section */
		AD9726E11C38B492009C5AA3 /* Frameworks */ = {
			isa = PBXFrameworksBuildPhase;
			buildActionMask = 2147483647;
			files = (
			);
			runOnlyForDeploymentPostprocessing = 0;
		};
/* End PBXFrameworksBuildPhase section */

/* Begin PBXGroup section */
		AD9726DB1C38B492009C5AA3 = {
			isa = PBXGroup;
			children = (
				AD9726E61C38B492009C5AA3 /* Hello World */,
				AD9726E51C38B492009C5AA3 /* Products */,
			);
			sourceTree = "<group>";
		};
		AD9726E51C38B492009C5AA3 /* Products */ = {
			isa = PBXGroup;
			children = (
				AD9726E41C38B492009C5AA3 /* Hello World.app */,
			);
			name = Products;
			sourceTree = "<group>";
		};
		AD9726E61C38B492009C5AA3 /* Hello World */ = {
			isa = PBXGroup;
			children = (
				AD9726FB1C38E32C009C5AA3 /* AnmolUniHeavy.ttf */,
				AD9726F91C38D93A009C5AA3 /* AnmolUni.ttf */,
				AD9726E71C38B492009C5AA3 /* AppDelegate.swift */,
				AD9726E91C38B492009C5AA3 /* ViewController.swift */,
				AD9726EB1C38B492009C5AA3 /* Main.storyboard */,
				AD9726EE1C38B492009C5AA3 /* Assets.xcassets */,
				AD9726F01C38B492009C5AA3 /* LaunchScreen.storyboard */,
				AD9726F31C38B492009C5AA3 /* Info.plist */,
			);
			path = "Hello World";
			sourceTree = "<group>";
		};
/* End PBXGroup section */

/* Begin PBXNativeTarget section */
		AD9726E31C38B492009C5AA3 /* Hello World */ = {
			isa = PBXNativeTarget;
			buildConfigurationList = AD9726F61C38B492009C5AA3 /* Build configuration list for PBXNativeTarget "Hello World" */;
			buildPhases = (
				AD9726E01C38B492009C5AA3 /* Sources */,
				AD9726E11C38B492009C5AA3 /* Frameworks */,
				AD9726E21C38B492009C5AA3 /* Resources */,
			);
			buildRules = (
			);
			dependencies = (
			);
			name = "Hello World";
			productName = "Hello World";
			productReference = AD9726E41C38B492009C5AA3 /* Hello World.app */;
			productType = "com.apple.product-type.application";
		};
/* End PBXNativeTarget section */

/* Begin PBXProject section */
		AD9726DC1C38B492009C5AA3 /* Project object */ = {
			isa = PBXProject;
			attributes = {
				LastSwiftUpdateCheck = 0720;
				LastUpgradeCheck = 0720;
				ORGANIZATIONNAME = "Shan Singh Tinna";
				TargetAttributes = {
					AD9726E31C38B492009C5AA3 = {
						CreatedOnToolsVersion = 7.2;
						DevelopmentTeam = C5GRZQC836;
					};
				};
			};
			buildConfigurationList = AD9726DF1C38B492009C5AA3 /* Build configuration list for PBXProject "Hello World" */;
			compatibilityVersion = "Xcode 3.2";
			developmentRegion = English;
			hasScannedForEncodings = 0;
			knownRegions = (
				en,
				Base,
			);
			mainGroup = AD9726DB1C38B492009C5AA3;
			productRefGroup = AD9726E51C38B492009C5AA3 /* Products */;
			projectDirPath = "";
			projectRoot = "";
			targets = (
				AD9726E31C38B492009C5AA3 /* Hello World */,
			);
		};
/* End PBXProject section */

/* Begin PBXResourcesBuildPhase section */
		AD9726E21C38B492009C5AA3 /* Resources */ = {
			isa = PBXResourcesBuildPhase;
			buildActionMask = 2147483647;
			files = (
				AD9726F21C38B492009C5AA3 /* LaunchScreen.storyboard in Resources */,
				AD9726EF1C38B492009C5AA3 /* Assets.xcassets in Resources */,
				AD9726ED1C38B492009C5AA3 /* Main.storyboard in Resources */,
				AD9726FA1C38D93A009C5AA3 /* AnmolUni.ttf in Resources */,
				AD9726FC1C38E32C009C5AA3 /* AnmolUniHeavy.ttf in Resources */,
			);
			runOnlyForDeploymentPostprocessing = 0;
		};
/* End PBXResourcesBuildPhase section */

/* Begin PBXSourcesBuildPhase section */
		AD9726E01C38B492009C5AA3 /* Sources */ = {
			isa = PBXSourcesBuildPhase;
			buildActionMask = 2147483647;
			files = (
				AD9726EA1C38B492009C5AA3 /* ViewController.swift in Sources */,
				AD9726E81C38B492009C5AA3 /* AppDelegate.swift in Sources */,
			);
			runOnlyForDeploymentPostprocessing = 0;
		};
/* End PBXSourcesBuildPhase section */

/* Begin PBXVariantGroup section */
		AD9726EB1C38B492009C5AA3 /* Main.storyboard */ = {
			isa = PBXVariantGroup;
			children = (
				AD9726EC1C38B492009C5AA3 /* Base */,
			);
			name = Main.storyboard;
			sourceTree = "<group>";
		};
		AD9726F01C38B492009C5AA3 /* LaunchScreen.storyboard */ = {
			isa = PBXVariantGroup;
			children = (
				AD9726F11C38B492009C5AA3 /* Base */,
			);
			name = LaunchScreen.storyboard;
			sourceTree = "<group>";
		};
/* End PBXVariantGroup section */

/* Begin XCBuildConfiguration section */
		AD9726F41C38B492009C5AA3 /* Debug */ = {
			isa = XCBuildConfiguration;
			buildSettings = {
				ALWAYS_SEARCH_USER_PATHS = NO;
				CLANG_CXX_LANGUAGE_STANDARD = "gnu++0x";
				CLANG_CXX_LIBRARY = "libc++";
				CLANG_ENABLE_MODULES = YES;
				CLANG_ENABLE_OBJC_ARC = YES;
				CLANG_WARN_BOOL_CONVERSION = YES;
				CLANG_WARN_CONSTANT_CONVERSION = YES;
				CLANG_WARN_DIRECT_OBJC_ISA_USAGE = YES_ERROR;
				CLANG_WARN_EMPTY_BODY = YES;
				CLANG_WARN_ENUM_CONVERSION = YES;
				CLANG_WARN_INT_CONVERSION = YES;
				CLANG_WARN_OBJC_ROOT_CLASS = YES_ERROR;
				CLANG_WARN_UNREACHABLE_CODE = YES;
				CLANG_WARN__DUPLICATE_METHOD_MATCH = YES;
				"CODE_SIGN_IDENTITY[sdk=iphoneos*]" = "iPhone Developer";
				COPY_PHASE_STRIP = NO;
				DEBUG_INFORMATION_FORMAT = dwarf;
				ENABLE_STRICT_OBJC_MSGSEND = YES;
				ENABLE_TESTABILITY = YES;
				GCC_C_LANGUAGE_STANDARD = gnu99;
				GCC_DYNAMIC_NO_PIC = NO;
				GCC_NO_COMMON_BLOCKS = YES;
				GCC_OPTIMIZATION_LEVEL = 0;
				GCC_PREPROCESSOR_DEFINITIONS = (
					"DEBUG=1",
					"$(inherited)",
				);
				GCC_WARN_64_TO_32_BIT_CONVERSION = YES;
				GCC_WARN_ABOUT_RETURN_TYPE = YES_ERROR;
				GCC_WARN_UNDECLARED_SELECTOR = YES;
				GCC_WARN_UNINITIALIZED_AUTOS = YES_AGGRESSIVE;
				GCC_WARN_UNUSED_FUNCTION = YES;
				GCC_WARN_UNUSED_VARIABLE = YES;
				IPHONEOS_DEPLOYMENT_TARGET = 9.2;
				MTL_ENABLE_DEBUG_INFO = YES;
				ONLY_ACTIVE_ARCH = YES;
				SDKROOT = iphoneos;
				SWIFT_OPTIMIZATION_LEVEL = "-Onone";
			};
			name = Debug;
		};
		AD9726F51C38B492009C5AA3 /* Release */ = {
			isa = XCBuildConfiguration;
			buildSettings = {
				ALWAYS_SEARCH_USER_PATHS = NO;
				CLANG_CXX_LANGUAGE_STANDARD = "gnu++0x";
				CLANG_CXX_LIBRARY = "libc++";
				CLANG_ENABLE_MODULES = YES;
				CLANG_ENABLE_OBJC_ARC = YES;
				CLANG_WARN_BOOL_CONVERSION = YES;
				CLANG_WARN_CONSTANT_CONVERSION = YES;
				CLANG_WARN_DIRECT_OBJC_ISA_USAGE = YES_ERROR;
				CLANG_WARN_EMPTY_BODY = YES;
				CLANG_WARN_ENUM_CONVERSION = YES;
				CLANG_WARN_INT_CONVERSION = YES;
				CLANG_WARN_OBJC_ROOT_CLASS = YES_ERROR;
				CLANG_WARN_UNREACHABLE_CODE = YES;
				CLANG_WARN__DUPLICATE_METHOD_MATCH = YES;
				"CODE_SIGN_IDENTITY[sdk=iphoneos*]" = "iPhone Developer";
				COPY_PHASE_STRIP = NO;
				DEBUG_INFORMATION_FORMAT = "dwarf-with-dsym";
				ENABLE_NS_ASSERTIONS = NO;
				ENABLE_STRICT_OBJC_MSGSEND = YES;
				GCC_C_LANGUAGE_STANDARD = gnu99;
				GCC_NO_COMMON_BLOCKS = YES;
				GCC_WARN_64_TO_32_BIT_CONVERSION = YES;
				GCC_WARN_ABOUT_RETURN_TYPE = YES_ERROR;
				GCC_WARN_UNDECLARED_SELECTOR = YES;
				GCC_WARN_UNINITIALIZED_AUTOS = YES_AGGRESSIVE;
				GCC_WARN_UNUSED_FUNCTION = YES;
				GCC_WARN_UNUSED_VARIABLE = YES;
				IPHONEOS_DEPLOYMENT_TARGET = 9.2;
				MTL_ENABLE_DEBUG_INFO = NO;
				SDKROOT = iphoneos;
				VALIDATE_PRODUCT = YES;
			};
			name = Release;
		};
		AD9726F71C38B492009C5AA3 /* Debug */ = {
			isa = XCBuildConfiguration;
			buildSettings = {
				ASSETCATALOG_COMPILER_APPICON_NAME = AppIcon;
				CODE_SIGN_IDENTITY = "iPhone Developer";
				"CODE_SIGN_IDENTITY[sdk=iphoneos*]" = "iPhone Developer";
				INFOPLIST_FILE = "Hello World/Info.plist";
				IPHONEOS_DEPLOYMENT_TARGET = 9.0;
				LD_RUNPATH_SEARCH_PATHS = "$(inherited) @executable_path/Frameworks";
				PRODUCT_BUNDLE_IDENTIFIER = "org.gurdas.Hello-World";
				PRODUCT_NAME = "$(TARGET_NAME)";
				PROVISIONING_PROFILE = "";
			};
			name = Debug;
		};
		AD9726F81C38B492009C5AA3 /* Release */ = {
			isa = XCBuildConfiguration;
			buildSettings = {
				ASSETCATALOG_COMPILER_APPICON_NAME = AppIcon;
				CODE_SIGN_IDENTITY = "iPhone Developer";
				"CODE_SIGN_IDENTITY[sdk=iphoneos*]" = "iPhone Developer";
				INFOPLIST_FILE = "Hello World/Info.plist";
				IPHONEOS_DEPLOYMENT_TARGET = 9.0;
				LD_RUNPATH_SEARCH_PATHS = "$(inherited) @executable_path/Frameworks";
				PRODUCT_BUNDLE_IDENTIFIER = "org.gurdas.Hello-World";
				PRODUCT_NAME = "$(TARGET_NAME)";
				PROVISIONING_PROFILE = "";
			};
			name = Release;
		};
/* End XCBuildConfiguration section */

/* Begin XCConfigurationList section */
		AD9726DF1C38B492009C5AA3 /* Build configuration list for PBXProject "Hello World" */ = {
			isa = XCConfigurationList;
			buildConfigurations = (
				AD9726F41C38B492009C5AA3 /* Debug */,
				AD9726F51C38B492009C5AA3 /* Release */,
			);
			defaultConfigurationIsVisible = 0;
			defaultConfigurationName = Release;
		};
		AD9726F61C38B492009C5AA3 /* Build configuration list for PBXNativeTarget "Hello World" */ = {
			isa = XCConfigurationList;
			buildConfigurations = (
				AD9726F71C38B492009C5AA3 /* Debug */,
				AD9726F81C38B492009C5AA3 /* Release */,
			);
			defaultConfigurationIsVisible = 0;
		};
/* End XCConfigurationList section */
	};
	rootObject = AD9726DC1C38B492009C5AA3 /* Project object */;
}
